{
  "version": 1,
  "dependencies": {
    "net10.0": {
      "AsyncKeyedLock": {
        "type": "Direct",
        "requested": "[8.0.2, )",
        "resolved": "8.0.2",
        "contentHash": "QGys5cnIerNryv7V14PDkvGnlLz69kJtTfdnr+Lndcu+lRre397RNyU4FIeAJWgI9u73lTzXL52Qca9B/ncLXw=="
      },
      "AutoMapper": {
        "type": "Direct",
        "requested": "[14.0.0, )",
        "resolved": "14.0.0",
        "contentHash": "OC+1neAPM4oCCqQj3g2GJ2shziNNhOkxmNB9cVS8jtx4JbgmRzLcUOxB9Tsz6cVPHugdkHgCaCrTjjSI0Z5sCQ==",
        "dependencies": {
          "Microsoft.Extensions.Options": "8.0.0"
        }
      },
      "FluentValidation.DependencyInjectionExtensions": {
        "type": "Direct",
        "requested": "[12.1.1, )",
        "resolved": "12.1.1",
        "contentHash": "D0VXh4dtjjX2aQizuaa0g6R8X3U1JaVqJPfGCvLwZX9t/O2h7tkpbitbadQMfwcgSPdDbI2vDxuwRMv/Uf9dHA==",
        "dependencies": {
          "FluentValidation": "12.1.1",
          "Microsoft.Extensions.DependencyInjection.Abstractions": "2.1.0"
        }
      },
      "HtmlAgilityPack": {
        "type": "Direct",
        "requested": "[1.12.4, )",
        "resolved": "1.12.4",
        "contentHash": "ljqvBabvFwKoLniuoQKO8b5bJfJweKLs4fUNS/V5dsvpo0A8MlJqxxn9XVmP2DaskbUXty6IYaWAi1SArGIMeQ=="
      },
      "MediatR": {
        "type": "Direct",
        "requested": "[12.5.0, )",
        "resolved": "12.5.0",
        "contentHash": "vqm2H8/nqL5NAJHPhsG1JOPwfkmbVrPyh4svdoRzu+uZh6Ex7PRoHBGsLYC0/RWCEJFqD1ohHNpteQvql9OktA==",
        "dependencies": {
          "MediatR.Contracts": "[2.0.1, 3.0.0)",
          "Microsoft.Extensions.DependencyInjection.Abstractions": "8.0.0"
        }
      },
      "Microsoft.Extensions.Hosting": {
        "type": "Direct",
        "requested": "[10.0.7, )",
        "resolved": "10.0.7",
        "contentHash": "M/vBpfWcschvS2EUeq7cHfscsxabiGTptXwV7GeSueovGiSoNjyo1j5PMcWuOAAQrRW3nRqxZk8NeumrmpzUBg==",
        "dependencies": {
          "Microsoft.Extensions.Configuration": "10.0.7",
          "Microsoft.Extensions.Configuration.Abstractions": "10.0.7",
          "Microsoft.Extensions.Configuration.Binder": "10.0.7",
          "Microsoft.Extensions.Configuration.CommandLine": "10.0.7",
          "Microsoft.Extensions.Configuration.EnvironmentVariables": "10.0.7",
          "Microsoft.Extensions.Configuration.FileExtensions": "10.0.7",
          "Microsoft.Extensions.Configuration.Json": "10.0.7",
          "Microsoft.Extensions.Configuration.UserSecrets": "10.0.7",
          "Microsoft.Extensions.DependencyInjection": "10.0.7",
          "Microsoft.Extensions.DependencyInjection.Abstractions": "10.0.7",
          "Microsoft.Extensions.Diagnostics": "10.0.7",
          "Microsoft.Extensions.FileProviders.Abstractions": "10.0.7",
          "Microsoft.Extensions.FileProviders.Physical": "10.0.7",
          "Microsoft.Extensions.Hosting.Abstractions": "10.0.7",
          "Microsoft.Extensions.Logging": "10.0.7",
          "Microsoft.Extensions.Logging.Abstractions": "10.0.7",
          "Microsoft.Extensions.Logging.Configuration": "10.0.7",
          "Microsoft.Extensions.Logging.Console": "10.0.7",
          "Microsoft.Extensions.Logging.Debug": "10.0.7",
          "Microsoft.Extensions.Logging.EventLog": "10.0.7",
          "Microsoft.Extensions.Logging.EventSource": "10.0.7",
          "Microsoft.Extensions.Options": "10.0.7"
        }
      },
      "Microsoft.Extensions.Options.ConfigurationExtensions": {
        "type": "Direct",
        "requested": "[10.0.7, )",
        "resolved": "10.0.7",
        "contentHash": "IT7f+EMXZtkjatEcF+o6aOw/7OE4etRrMiDGEWH/iiTu2R3uhC4NEQJCfHiibtX45U3sIQ5Fh6tbb1qaOz3YAg==",
        "dependencies": {
          "Microsoft.Extensions.Configuration.Abstractions": "10.0.7",
          "Microsoft.Extensions.Configuration.Binder": "10.0.7",
          "Microsoft.Extensions.DependencyInjection.Abstractions": "10.0.7",
          "Microsoft.Extensions.Options": "10.0.7",
          "Microsoft.Extensions.Primitives": "10.0.7"
        }
      },
      "Npgsql": {
        "type": "Direct",
        "requested": "[10.0.2, )",
        "resolved": "10.0.2",
        "contentHash": "q5RfBI+wywJSFUNDE1L4ZbHEHCFTblo8Uf6A6oe4feOUFYiUQXyAf9GBh5qEZpvJaHiEbpBPkQumjEhXCJxdrg==",
        "dependencies": {
          "Microsoft.Extensions.Logging.Abstractions": "10.0.0"
        }
      },
      "Npgsql.EntityFrameworkCore.PostgreSQL": {
        "type": "Direct",
        "requested": "[10.0.1, )",
        "resolved": "10.0.1",
        "contentHash": "P6EwH0Q4xkaA264iNZDqCPhWt8pscfUGxXazDQg4noBfqjoOlk4hKWfvBjF9ZX3R/9JybRmmJfmxr2iBMj0EpA==",
        "dependencies": {
          "Microsoft.EntityFrameworkCore": "[10.0.4, 11.0.0)",
          "Microsoft.EntityFrameworkCore.Relational": "[10.0.4, 11.0.0)",
          "Npgsql": "10.0.2"
        }
      },
      "NSec.Cryptography": {
        "type": "Direct",
        "requested": "[25.4.0, )",
        "resolved": "25.4.0",
        "contentHash": "Z3wPpG0xefMLmhn9T+Ka/EzAmMQPT0THL/5E4lf9cXI/N9rbGH0G23ZFpRcPnD0ast2k7ieG6QSVNIjmfPCXBQ==",
        "dependencies": {
          "libsodium": "[1.0.20.1, 1.0.21)"
        }
      },
      "OneOf": {
        "type": "Direct",
        "requested": "[3.0.271, )",
        "resolved": "3.0.271",
        "contentHash": "pqpqeK8xQGggExhr4tesVgJkjdn+9HQAO0QgrYV2hFjE3y90okzk1kQMntMiUOGfV7FrCUfKPaVvPBD4IANqKg=="
      },
      "OneOf.SourceGenerator": {
        "type": "Direct",
        "requested": "[3.0.271, )",
        "resolved": "3.0.271",
        "contentHash": "I7e5kx5prSV99g+rM/xO5KMhwBQL/b+NlUY76RhbutXJ0tgiuMoqgOFnlTHOxCLrlKmwaMzp3VI8oz05PSlcIA=="
      },
      "Scrutor": {
        "type": "Direct",
        "requested": "[7.0.0, )",
        "resolved": "7.0.0",
        "contentHash": "wHWaroody48jnlLoq/REwUltIFLxplXyHTP+sttrc8P7+jkiVqf38afDidJNv4qgD/6zz2NKOYg06xLZ1bG7wQ==",
        "dependencies": {
          "Microsoft.Extensions.DependencyInjection.Abstractions": "10.0.0",
          "Microsoft.Extensions.DependencyModel": "10.0.0"
        }
      },
      "DeterministicGuids": {
        "type": "Transitive",
        "resolved": "1.0.10",
        "contentHash": "R0Z2dmYBDqYrYo7Qgw1sUzea1cePGGAOEqLfOR8zkmn9q6eKShrPZoYMCisEUiKyZstRUsKdVuDWXRoTMtTsHw=="
      },
      "FluentValidation": {
        "type": "Transitive",
        "resolved": "12.1.1",
        "contentHash": "EPpkIe1yh1a0OXyC100oOA8WMbZvqUu5plwhvYcb7oSELfyUZzfxV48BLhvs3kKo4NwG7MGLNgy1RJiYtT8Dpw=="
      },
      "libsodium": {
        "type": "Transitive",
        "resolved": "1.0.20.1",
        "contentHash": "pkiceEqJDQFHjbga3k/oPfTVX9g+GKJZ1VrkuiLhaymt9YNw1Dr7cX9hNuZuNaWcr9WD0moW55k4pMwzQ7JaZQ=="
      },
      "MediatR.Contracts": {
        "type": "Transitive",
        "resolved": "2.0.1",
        "contentHash": "FYv95bNT4UwcNA+G/J1oX5OpRiSUxteXaUt2BJbRSdRNiIUNbggJF69wy6mnk2wYToaanpdXZdCwVylt96MpwQ=="
      },
      "Medo.Uuid7": {
        "type": "Transitive",
        "resolved": "3.2.0",
        "contentHash": "18Gp47N8I7Vq319f5qTEdqX1GPOworXeNIjuxLN3Szqz96aMuORklGbnSllhEUmQZf3UWmp+X9pVDCKEf5zoaA=="
      },
      "Microsoft.EntityFrameworkCore": {
        "type": "Transitive",
        "resolved": "10.0.7",
        "contentHash": "G6yclVO5/csPzzsymV0SemY2NDqE31CP5M3jprF5IuO9wJsh4aUOfYD8HCLuDmM1D1CfReegVic48O2r79d46Q==",
        "dependencies": {
          "Microsoft.EntityFrameworkCore.Abstractions": "10.0.7",
          "Microsoft.EntityFrameworkCore.Analyzers": "10.0.7",
          "Microsoft.Extensions.Caching.Memory": "10.0.7",
          "Microsoft.Extensions.Logging": "10.0.7"
        }
      },
      "Microsoft.EntityFrameworkCore.Abstractions": {
        "type": "Transitive",
        "resolved": "10.0.7",
        "contentHash": "TuxExnfIS/bSq3z2CbH0LwZH1oyj9iHhSGneU4fpxl3ikjZGZdSae9gcfnImV1rufH8f/ab1NnHwyL2BLyeZOg=="
      },
      "Microsoft.EntityFrameworkCore.Analyzers": {
        "type": "Transitive",
        "resolved": "10.0.7",
        "contentHash": "eZnMyiJzo249Ejg5CaFScvJS0u7neQfS9DXknAHTO6FHVMM99gO0byNXHGZmA/BOkZ13ngeVziQLHTMOtgescg=="
      },
      "Microsoft.EntityFrameworkCore.Relational": {
        "type": "Transitive",
        "resolved": "10.0.7",
        "contentHash": "midwPufIwXhOJcVhaZpCZGNbjy2QoPfHI+70nw2dGcoULEW9DybMvMPYkRjOJV0eI46a1oVFhU4lFYDEx6YUbg==",
        "dependencies": {
          "Microsoft.EntityFrameworkCore": "10.0.7",
          "Microsoft.Extensions.Caching.Memory": "10.0.7",
          "Microsoft.Extensions.Configuration.Abstractions": "10.0.7",
          "Microsoft.Extensions.Logging": "10.0.7"
        }
      },
      "Microsoft.Extensions.Caching.Abstractions": {
        "type": "Transitive",
        "resolved": "10.0.7",
        "contentHash": "pUDgQKEqNUFlerDIFRg7zzoDVRPEWIG7nR40h8Gzg8RXza4Ry0lWZ7u91bmwu3iUDCxw3Dv6TLHVFoAgY0gy7Q==",
        "dependencies": {
          "Microsoft.Extensions.Primitives": "10.0.7"
        }
      },
      "Microsoft.Extensions.Caching.Memory": {
        "type": "Transitive",
        "resolved": "10.0.7",
        "contentHash": "6eULH/sc97yfCEV31g7AgUzHc7dIm0DGBcofoE8GgBaXbdAPPhathN8rYcgi1TSiG1QucCdqKiVNaDEPAEXL5Q==",
        "dependencies": {
          "Microsoft.Extensions.Caching.Abstractions": "10.0.7",
          "Microsoft.Extensions.DependencyInjection.Abstractions": "10.0.7",
          "Microsoft.Extensions.Logging.Abstractions": "10.0.7",
          "Microsoft.Extensions.Options": "10.0.7",
          "Microsoft.Extensions.Primitives": "10.0.7"
        }
      },
      "Microsoft.Extensions.Configuration": {
        "type": "Transitive",
        "resolved": "10.0.7",
        "contentHash": "wZbGh7J8R1vXN525O6d8dlcDTxhRTnd5MyW4LdfP5S0tSnTwTCseYSrq6g0Mxh7W9xn8P/2xPuf0D/m6k2dy2w==",
        "dependencies": {
          "Microsoft.Extensions.Configuration.Abstractions": "10.0.7",
          "Microsoft.Extensions.Primitives": "10.0.7"
        }
      },
      "Microsoft.Extensions.Configuration.Abstractions": {
        "type": "Transitive",
        "resolved": "10.0.7",
        "contentHash": "t56nEgvECcyLPojZIUFWJknQQDAbgfTf9J+QMYJE1YYvVgz69vN6B/AKL8Grvj3Lcnp8kTpNqwmwFhb3YLJmtQ==",
        "dependencies": {
          "Microsoft.Extensions.Primitives": "10.0.7"
        }
      },
      "Microsoft.Extensions.Configuration.Binder": {
        "type": "Transitive",
        "resolved": "10.0.7",
        "contentHash": "8bS1qIaRivny+WX+49pmeJ6iAylbtX8C0DLEcCQWZjdxQvLqaMssXiGD9P/6pYElrHbK5/nAHmjbQ8STqdMYeg==",
        "dependencies": {
          "Microsoft.Extensions.Configuration": "10.0.7",
          "Microsoft.Extensions.Configuration.Abstractions": "10.0.7"
        }
      },
      "Microsoft.Extensions.Configuration.CommandLine": {
        "type": "Transitive",
        "resolved": "10.0.7",
        "contentHash": "3lNjglxfFxOzI9zG+3HSg/YSGqo//8Fqw6u6iuIamZb4JCorbA3JLaeWOpfKTAPi2UJwaispOXWx14dUqcGz4A==",
        "dependencies": {
          "Microsoft.Extensions.Configuration": "10.0.7",
          "Microsoft.Extensions.Configuration.Abstractions": "10.0.7"
        }
      },
      "Microsoft.Extensions.Configuration.EnvironmentVariables": {
        "type": "Transitive",
        "resolved": "10.0.7",
        "contentHash": "TWto3imA+mJMLZI+5sbgLiFFoOFNFkizQYNaC5jTuiHKn3diwm1RN7mWDOEZN9kG2bixw7IvgpvtUG5/teSRzA==",
        "dependencies": {
          "Microsoft.Extensions.Configuration": "10.0.7",
          "Microsoft.Extensions.Configuration.Abstractions": "10.0.7"
        }
      },
      "Microsoft.Extensions.Configuration.FileExtensions": {
        "type": "Transitive",
        "resolved": "10.0.7",
        "contentHash": "qbZLvLsoTdArSloEnSxs21P781YUmwVmHc5NJPQD/ezAreQ7884z+6QfAZVKi86WAZtzx83jK2uC4itxOM44gQ==",
        "dependencies": {
          "Microsoft.Extensions.Configuration": "10.0.7",
          "Microsoft.Extensions.Configuration.Abstractions": "10.0.7",
          "Microsoft.Extensions.FileProviders.Abstractions": "10.0.7",
          "Microsoft.Extensions.FileProviders.Physical": "10.0.7",
          "Microsoft.Extensions.Primitives": "10.0.7"
        }
      },
      "Microsoft.Extensions.Configuration.Json": {
        "type": "Transitive",
        "resolved": "10.0.7",
        "contentHash": "64dimvyyKk0dbUbrLg/YCv4ugJ4sVz2aXLwfvZwR1EC4tJqW9ru/oVRcXwoJRa2lQGXtYtlpk4maWOeIb48tQw==",
        "dependencies": {
          "Microsoft.Extensions.Configuration": "10.0.7",
          "Microsoft.Extensions.Configuration.Abstractions": "10.0.7",
          "Microsoft.Extensions.Configuration.FileExtensions": "10.0.7",
          "Microsoft.Extensions.FileProviders.Abstractions": "10.0.7"
        }
      },
      "Microsoft.Extensions.Configuration.UserSecrets": {
        "type": "Transitive",
        "resolved": "10.0.7",
        "contentHash": "YqVIICoIdl0016wkeO2WQS+uEbEXbUhMLKdC5rZNl1X3nu59F+nwaAHdHjq/4OK+Cx31DYmNUSFh+MUot8qSDw==",
        "dependencies": {
          "Microsoft.Extensions.Configuration.Abstractions": "10.0.7",
          "Microsoft.Extensions.Configuration.Json": "10.0.7",
          "Microsoft.Extensions.FileProviders.Abstractions": "10.0.7",
          "Microsoft.Extensions.FileProviders.Physical": "10.0.7"
        }
      },
      "Microsoft.Extensions.DependencyInjection": {
        "type": "Transitive",
        "resolved": "10.0.7",
        "contentHash": "91F/o3emPV/+xY/ip3s2LqDNF14kjttlVtq0BXgg6p4MnCzeSZxnUJm+t6WRrtD3JdGo88/oX+z7OwK4y8PZuw==",
        "dependencies": {
          "Microsoft.Extensions.DependencyInjection.Abstractions": "10.0.7"
        }
      },
      "Microsoft.Extensions.DependencyInjection.Abstractions": {
        "type": "Transitive",
        "resolved": "10.0.7",
        "contentHash": "Z6mfFEaFcwCfSboxJwOLfu7/31npCY9q70WUamHW/vRQhDvBKOT4Vf9YkZj5J6hLvJpb0oDEYfHunQZj0xxvKw=="
      },
      "Microsoft.Extensions.DependencyModel": {
        "type": "Transitive",
        "resolved": "10.0.0",
        "contentHash": "RFYJR7APio/BiqdQunRq6DB+nDB6nc2qhHr77mlvZ0q0BT8PubMXN7XicmfzCbrDE/dzhBnUKBRXLTcqUiZDGg=="
      },
      "Microsoft.Extensions.Diagnostics": {
        "type": "Transitive",
        "resolved": "10.0.7",
        "contentHash": "l+smp1qPlU0OUXD0OGfdp7OUFrbdq7ZaP5T7m2WpfZ4RFKD7iG73BAT7tjSMxNmbSXkhAn1jYHOAqzYG1r9sNg==",
        "dependencies": {
          "Microsoft.Extensions.Configuration": "10.0.7",
          "Microsoft.Extensions.Diagnostics.Abstractions": "10.0.7",
          "Microsoft.Extensions.Options.ConfigurationExtensions": "10.0.7"
        }
      },
      "Microsoft.Extensions.Diagnostics.Abstractions": {
        "type": "Transitive",
        "resolved": "10.0.7",
        "contentHash": "uJ9JP677y+uy+C0vtaSfi7XXgFAdz8DhU3M9lwwIXDfQKcyQ0yxM9DVYa0NXDtdVTYA2eBUtVFZ8LY0GCdeE/w==",
        "dependencies": {
          "Microsoft.Extensions.DependencyInjection.Abstractions": "10.0.7",
          "Microsoft.Extensions.Options": "10.0.7"
        }
      },
      "Microsoft.Extensions.FileProviders.Abstractions": {
        "type": "Transitive",
        "resolved": "10.0.7",
        "contentHash": "teioDgVpi8L186wUfrXQV1YuBt6lCSPmFZiMZo53+FZxHFjOV+f4GXo4LXgJ273Mku9//AdXWVjk9J7eJP6inw==",
        "dependencies": {
          "Microsoft.Extensions.Primitives": "10.0.7"
        }
      },
      "Microsoft.Extensions.FileProviders.Physical": {
        "type": "Transitive",
        "resolved": "10.0.7",
        "contentHash": "zhgWg/i0ECj5v0jLFBSZHplvc5ygCI91DR4nne+BP4XAKF5ycz0pEKnFiTw8C1jCABJEZsnBZh6pXAvn71kFmw==",
        "dependencies": {
          "Microsoft.Extensions.FileProviders.Abstractions": "10.0.7",
          "Microsoft.Extensions.FileSystemGlobbing": "10.0.7",
          "Microsoft.Extensions.Primitives": "10.0.7"
        }
      },
      "Microsoft.Extensions.FileSystemGlobbing": {
        "type": "Transitive",
        "resolved": "10.0.7",
        "contentHash": "NTUspqB+vH9g4wAD6KPOBx01xqYuKXR/cHXm449zpbq1GqfjdAxBmg7eJXrNsPw7SKwIdT2cJ05GxYVvc+lvsA=="
      },
      "Microsoft.Extensions.Hosting.Abstractions": {
        "type": "Transitive",
        "resolved": "10.0.7",
        "contentHash": "5s8d6qC6EA8UOI4wR/+zlsq7SXttJMRb9d7zvVZ7+bE3CQEfVtC9ITUDCommm87R1zzj6WJBbCnztuIJXnP3DA==",
        "dependencies": {
          "Microsoft.Extensions.Configuration.Abstractions": "10.0.7",
          "Microsoft.Extensions.DependencyInjection.Abstractions": "10.0.7",
          "Microsoft.Extensions.Diagnostics.Abstractions": "10.0.7",
          "Microsoft.Extensions.FileProviders.Abstractions": "10.0.7",
          "Microsoft.Extensions.Logging.Abstractions": "10.0.7"
        }
      },
      "Microsoft.Extensions.Logging": {
        "type": "Transitive",
        "resolved": "10.0.7",
        "contentHash": "hOeRIQ63GkgiYCB/MIFp+LQs8aXpJXpB55t6Aj37ab7t2/6WeFcPXxYM9hdy/o5tffzwf8mhqzLJP6mjGYCxjw==",
        "dependencies": {
          "Microsoft.Extensions.DependencyInjection": "10.0.7",
          "Microsoft.Extensions.Logging.Abstractions": "10.0.7",
          "Microsoft.Extensions.Options": "10.0.7"
        }
      },
      "Microsoft.Extensions.Logging.Abstractions": {
        "type": "Transitive",
        "resolved": "10.0.7",
        "contentHash": "tIEcQ2gvERrH2KiCjdsVcHGhXt9lIsuDStfOIeZWr7/fP8IXhGiYfx0/80PNI7WPO2IYuFtlZLSlnTS8+/Mchw==",
        "dependencies": {
          "Microsoft.Extensions.DependencyInjection.Abstractions": "10.0.7"
        }
      },
      "Microsoft.Extensions.Logging.Configuration": {
        "type": "Transitive",
        "resolved": "10.0.7",
        "contentHash": "7BBnoGF37USiu7j434put9mDp7EjdlNDIZsR4vHfC1FbLZeLqiWjgJbeEtF0p59Ryqt8AtraHawf0ZKbe5jibg==",
        "dependencies": {
          "Microsoft.Extensions.Configuration": "10.0.7",
          "Microsoft.Extensions.Configuration.Abstractions": "10.0.7",
          "Microsoft.Extensions.Configuration.Binder": "10.0.7",
          "Microsoft.Extensions.DependencyInjection.Abstractions": "10.0.7",
          "Microsoft.Extensions.Logging": "10.0.7",
          "Microsoft.Extensions.Logging.Abstractions": "10.0.7",
          "Microsoft.Extensions.Options": "10.0.7",
          "Microsoft.Extensions.Options.ConfigurationExtensions": "10.0.7"
        }
      },
      "Microsoft.Extensions.Logging.Console": {
        "type": "Transitive",
        "resolved": "10.0.7",
        "contentHash": "DA++Es6v6W0HfrOrw+K8WyN6jNnZHp640PDdEvl8yfeVmgflKdn6vSSFvufNUSOuY+M2ZaSUgfY+jUKtNpXcCw==",
        "dependencies": {
          "Microsoft.Extensions.DependencyInjection.Abstractions": "10.0.7",
          "Microsoft.Extensions.Logging": "10.0.7",
          "Microsoft.Extensions.Logging.Abstractions": "10.0.7",
          "Microsoft.Extensions.Logging.Configuration": "10.0.7",
          "Microsoft.Extensions.Options": "10.0.7"
        }
      },
      "Microsoft.Extensions.Logging.Debug": {
        "type": "Transitive",
        "resolved": "10.0.7",
        "contentHash": "Y6DSt/JZApunYWKqTtqbdsR6iqAvHx3D0tavbNJ1rnC24MUpF+3XO/VKgFi+9PFqMyvQ2GHBBGb8H3cLSw7rDg==",
        "dependencies": {
          "Microsoft.Extensions.DependencyInjection.Abstractions": "10.0.7",
          "Microsoft.Extensions.Logging": "10.0.7",
          "Microsoft.Extensions.Logging.Abstractions": "10.0.7"
        }
      },
      "Microsoft.Extensions.Logging.EventLog": {
        "type": "Transitive",
        "resolved": "10.0.7",
        "contentHash": "1C8eTuxF6BLncNSJ1HCfmaBcjpUSqQDPlBVdYTlet9oldHTPpNh9iatxSJLs8TOqdp/FOpH+nSLdBve7fu9mTQ==",
        "dependencies": {
          "Microsoft.Extensions.DependencyInjection.Abstractions": "10.0.7",
          "Microsoft.Extensions.Logging": "10.0.7",
          "Microsoft.Extensions.Logging.Abstractions": "10.0.7",
          "Microsoft.Extensions.Options": "10.0.7",
          "System.Diagnostics.EventLog": "10.0.7"
        }
      },
      "Microsoft.Extensions.Logging.EventSource": {
        "type": "Transitive",
        "resolved": "10.0.7",
        "contentHash": "YWfndnDX1jVMGCN8d5T+rO+BO8sDw6BkYlUk0BYui+WP7+HhlWx8QLdA4yUDjrkGVb3AQxIWWEPVKw5Nnfj5GQ==",
        "dependencies": {
          "Microsoft.Extensions.DependencyInjection.Abstractions": "10.0.7",
          "Microsoft.Extensions.Logging": "10.0.7",
          "Microsoft.Extensions.Logging.Abstractions": "10.0.7",
          "Microsoft.Extensions.Options": "10.0.7",
          "Microsoft.Extensions.Primitives": "10.0.7"
        }
      },
      "Microsoft.Extensions.Options": {
        "type": "Transitive",
        "resolved": "10.0.7",
        "contentHash": "00SHUGTh2jSMvIr6x9Xwd2nE+B5/qFCO/9hDwUDhJsjYRDlADmaBZ7tqehXzBDsfjHSXJzuRHJzPYPPjphBQ7Q==",
        "dependencies": {
          "Microsoft.Extensions.DependencyInjection.Abstractions": "10.0.7",
          "Microsoft.Extensions.Primitives": "10.0.7"
        }
      },
      "Microsoft.Extensions.Primitives": {
        "type": "Transitive",
        "resolved": "10.0.7",
        "contentHash": "D5M0Jr551iTgwkZMN9rm0pSkgNLj5quUWQUmQPMZh7k/bnvZTnXRGfE2KuvXf1EEjt/ofD9yw9IumpgdP9QCnw=="
      },
      "System.Diagnostics.EventLog": {
        "type": "Transitive",
        "resolved": "10.0.7",
        "contentHash": "WbmDLeTPYhEzXhvYVioTVn/D1XX6bovyny9n5p8Zxtf03+eY385RB818teZm6n+fA63iZNvng0/Np4tLuhkMhQ=="
      },
      "digdir.domain.dialogporten.domain": {
        "type": "Project",
        "dependencies": {
          "DeterministicGuids": "[1.0.10, )",
          "Digdir.Library.Entity.Abstractions": "[1.0.0, )",
          "Microsoft.Extensions.DependencyInjection.Abstractions": "[10.0.7, )"
        }
      },
      "digdir.library.entity.abstractions": {
        "type": "Project",
        "dependencies": {
          "MediatR.Contracts": "[2.0.1, )",
          "Medo.Uuid7": "[3.2.0, )"
        }
      },
      "digdir.library.entity.entityframeworkcore": {
        "type": "Project",
        "dependencies": {
          "Digdir.Library.Entity.Abstractions": "[1.0.0, )",
          "Microsoft.EntityFrameworkCore.Relational": "[10.0.7, )"
        }
      }
    }
  }
}