{
  "version": 1,
  "dependencies": {
    "net10.0": {
      "Altinn.Authorization.ProblemDetails.Abstractions": {
        "type": "Direct",
        "requested": "[5.4.0, )",
        "resolved": "5.4.0",
        "contentHash": "NLA5asow4kKcvm7jGKze/DgtU8Sx5/nC5izJAOnrZNL5TF41LEbFjqRmw6nav/LTHeYe1CvVdim9BLpDamgc8w==",
        "dependencies": {
          "CommunityToolkit.Diagnostics": "8.4.2"
        }
      },
      "DeterministicGuids": {
        "type": "Direct",
        "requested": "[1.0.11, )",
        "resolved": "1.0.11",
        "contentHash": "wEhcv8QYNfxWG2mMByiOcqQY+NOYgaDMAuj5Tygx2x6pUEVUPHwyHzktrhrO5ry58JRx9nZIzgpM/WX02Achug=="
      },
      "Microsoft.Extensions.DependencyInjection.Abstractions": {
        "type": "Direct",
        "requested": "[10.0.8, )",
        "resolved": "10.0.8",
        "contentHash": "21nbDV60SRPWGIivsyl6lqBeEJNG1sginhhfWgRrr3Ais7aQ12To25OAHQxgoiJkjqy1aQ6RxpZBGYuTi7Ge6A=="
      },
      "CommunityToolkit.Diagnostics": {
        "type": "Transitive",
        "resolved": "8.4.2",
        "contentHash": "WC0fk3A49gk6kWjhSZ8CDgPkv+wPHGhMFxUrKRlLtzUYXRFOdTDQ4RsEkZnI9ApO7eJh6nqT2MFmwFptpMs7aw=="
      },
      "MediatR.Contracts": {
        "type": "Transitive",
        "resolved": "2.0.1",
        "contentHash": "FYv95bNT4UwcNA+G/J1oX5OpRiSUxteXaUt2BJbRSdRNiIUNbggJF69wy6mnk2wYToaanpdXZdCwVylt96MpwQ=="
      },
      "Medo.Uuid7": {
        "type": "Transitive",
        "resolved": "3.2.0",
        "contentHash": "18Gp47N8I7Vq319f5qTEdqX1GPOworXeNIjuxLN3Szqz96aMuORklGbnSllhEUmQZf3UWmp+X9pVDCKEf5zoaA=="
      },
      "digdir.library.entity.abstractions": {
        "type": "Project",
        "dependencies": {
          "MediatR.Contracts": "[2.0.1, )",
          "Medo.Uuid7": "[3.2.0, )"
        }
      }
    }
  }
}